// !$*UTF8*$!
{
	archiveVersion = 1;
	classes = {
	};
	objectVersion = 56;
	objects = {

/* Begin PBXBuildFile section */
		5B02661D2C99602D0094E205 /* 16234.swift in Sources */ = {isa = PBXBuildFile; fileRef = 5B02661C2C99602D0094E205 /* 16234.swift */; };
		5B0266202C996F390094E205 /* 13023.swift in Sources */ = {isa = PBXBuildFile; fileRef = 5B02661F2C996F390094E205 /* 13023.swift */; };
		5B29CF0E2CBDEBA40055EC6D /* 2023.swift in Sources */ = {isa = PBXBuildFile; fileRef = 5B29CF0D2CBDEBA40055EC6D /* 2023.swift */; };
		5B29CF112CBDEC050055EC6D /* 16507.swift in Sources */ = {isa = PBXBuildFile; fileRef = 5B29CF102CBDEC050055EC6D /* 16507.swift */; };
		5B37F0682CD2374A008EAEEE /* 21921.swift in Sources */ = {isa = PBXBuildFile; fileRef = 5B37F0672CD2374A008EAEEE /* 21921.swift */; };
		5B6414AD2D50C86800F6D18A /* 2504.swift in Sources */ = {isa = PBXBuildFile; fileRef = 5B6414AC2D50C86600F6D18A /* 2504.swift */; };
		5B6E51872D23DF5A00299771 /* 3020.swift in Sources */ = {isa = PBXBuildFile; fileRef = 5B6E51862D23DF5700299771 /* 3020.swift */; };
		5B70D3572CAAAF8C00012A25 /* 1920.swift in Sources */ = {isa = PBXBuildFile; fileRef = 5B70D3562CAAAF8C00012A25 /* 1920.swift */; };
		5B70D3592CAAB32400012A25 /* 2805.swift in Sources */ = {isa = PBXBuildFile; fileRef = 5B70D3582CAAB32400012A25 /* 2805.swift */; };
		5B710CC52C8EE04B00236D32 /* 9020.swift in Sources */ = {isa = PBXBuildFile; fileRef = 5B710CC42C8EE04A00236D32 /* 9020.swift */; };
		5B710CC72C8EE68D00236D32 /* 6588.swift in Sources */ = {isa = PBXBuildFile; fileRef = 5B710CC62C8EE68D00236D32 /* 6588.swift */; };
		5B710CED2C8FC68700236D32 /* 18111.swift in Sources */ = {isa = PBXBuildFile; fileRef = 5B710CEC2C8FC68700236D32 /* 18111.swift */; };
		5B710CEF2C91184400236D32 /* 17413.swift in Sources */ = {isa = PBXBuildFile; fileRef = 5B710CEE2C91184400236D32 /* 17413.swift */; };
		5B710CF12C917D7700236D32 /* 14502.swift in Sources */ = {isa = PBXBuildFile; fileRef = 5B710CF02C917D7700236D32 /* 14502.swift */; };
		5B710CF32C9189B400236D32 /* 17144.swift in Sources */ = {isa = PBXBuildFile; fileRef = 5B710CF22C9189B400236D32 /* 17144.swift */; };
		5B7A598F2D5BB6E4005FBB9D /* 12100.swift in Sources */ = {isa = PBXBuildFile; fileRef = 5B7A598E2D5BB6BA005FBB9D /* 12100.swift */; };
		5B878ADA2CC5D93100955740 /* 3273.swift in Sources */ = {isa = PBXBuildFile; fileRef = 5B878AD92CC5D93100955740 /* 3273.swift */; };
		5BAC27AD2CA1567B002686C3 /* 1916.swift in Sources */ = {isa = PBXBuildFile; fileRef = 5BAC27AC2CA1567B002686C3 /* 1916.swift */; };
		5BAD09052CAE17C00018E52C /* 2343.swift in Sources */ = {isa = PBXBuildFile; fileRef = 5BAD09042CAE17C00018E52C /* 2343.swift */; };
		5BB358042CD1B545005A01AB /* 2230.swift in Sources */ = {isa = PBXBuildFile; fileRef = 5BB358032CD1B545005A01AB /* 2230.swift */; };
		5BC45F982C8E772C00995DE5 /* 2960.swift in Sources */ = {isa = PBXBuildFile; fileRef = 5BC45F972C8E772C00995DE5 /* 2960.swift */; };
		5BC45F9A2C8E77C500995DE5 /* main.swift in Sources */ = {isa = PBXBuildFile; fileRef = 5BC45F992C8E77C500995DE5 /* main.swift */; };
		5BDF27AD2CD792A700598B0E /* 19951.swift in Sources */ = {isa = PBXBuildFile; fileRef = 5BDF27AC2CD792A700598B0E /* 19951.swift */; };
		5BE05D142CD39F6F008C6725 /* 13900.swift in Sources */ = {isa = PBXBuildFile; fileRef = 5BE05D132CD39F6F008C6725 /* 13900.swift */; };
		5BE184E02CD8497100DB5A11 /* 5549.swift in Sources */ = {isa = PBXBuildFile; fileRef = 5BE184DF2CD8497100DB5A11 /* 5549.swift */; };
		5BE184E32CD84EC000DB5A11 /* 24499.swift in Sources */ = {isa = PBXBuildFile; fileRef = 5BE184E22CD84EC000DB5A11 /* 24499.swift */; };
		5BE3D2C52CAB76F000F89D4C /* 2110.swift in Sources */ = {isa = PBXBuildFile; fileRef = 5BE3D2C42CAB76F000F89D4C /* 2110.swift */; };
		5BF535A92D28D9DE003D0E96 /* 2143.swift in Sources */ = {isa = PBXBuildFile; fileRef = 5BF535A82D28D9CF003D0E96 /* 2143.swift */; };
/* End PBXBuildFile section */

/* Begin PBXCopyFilesBuildPhase section */
		5B672DE62C65C57400DB330C /* CopyFiles */ = {
			isa = PBXCopyFilesBuildPhase;
			buildActionMask = 2147483647;
			dstPath = /usr/share/man/man1/;
			dstSubfolderSpec = 0;
			files = (
			);
			runOnlyForDeploymentPostprocessing = 1;
		};
/* End PBXCopyFilesBuildPhase section */

/* Begin PBXFileReference section */
		5B02661C2C99602D0094E205 /* 16234.swift */ = {isa = PBXFileReference; lastKnownFileType = sourcecode.swift; path = 16234.swift; sourceTree = "<group>"; };
		5B02661F2C996F390094E205 /* 13023.swift */ = {isa = PBXFileReference; lastKnownFileType = sourcecode.swift; path = 13023.swift; sourceTree = "<group>"; };
		5B15F1242D2FBDEA008273AC /* 10844.swift */ = {isa = PBXFileReference; lastKnownFileType = sourcecode.swift; path = 10844.swift; sourceTree = "<group>"; };
		5B28618C2D55E14D0002404A /* 11404.swift */ = {isa = PBXFileReference; lastKnownFileType = sourcecode.swift; path = 11404.swift; sourceTree = "<group>"; };
		5B29CF0D2CBDEBA40055EC6D /* 2023.swift */ = {isa = PBXFileReference; lastKnownFileType = sourcecode.swift; path = 2023.swift; sourceTree = "<group>"; };
		5B29CF102CBDEC050055EC6D /* 16507.swift */ = {isa = PBXFileReference; lastKnownFileType = sourcecode.swift; path = 16507.swift; sourceTree = "<group>"; };
		5B37F0672CD2374A008EAEEE /* 21921.swift */ = {isa = PBXFileReference; lastKnownFileType = sourcecode.swift; path = 21921.swift; sourceTree = "<group>"; };
		5B5B6AC62D2BDC7300025CAD /* 1010.swift */ = {isa = PBXFileReference; lastKnownFileType = sourcecode.swift; path = 1010.swift; sourceTree = "<group>"; };
		5B6414AC2D50C86600F6D18A /* 2504.swift */ = {isa = PBXFileReference; lastKnownFileType = sourcecode.swift; path = 2504.swift; sourceTree = "<group>"; };
		5B6681A62D59E5D300390CB0 /* 1389.swift */ = {isa = PBXFileReference; lastKnownFileType = sourcecode.swift; path = 1389.swift; sourceTree = "<group>"; };
		5B672DE82C65C57400DB330C /* test */ = {isa = PBXFileReference; explicitFileType = "compiled.mach-o.executable"; includeInIndex = 0; path = test; sourceTree = BUILT_PRODUCTS_DIR; };
		5B6E51862D23DF5700299771 /* 3020.swift */ = {isa = PBXFileReference; lastKnownFileType = sourcecode.swift; path = 3020.swift; sourceTree = "<group>"; };
		5B70D3562CAAAF8C00012A25 /* 1920.swift */ = {isa = PBXFileReference; lastKnownFileType = sourcecode.swift; path = 1920.swift; sourceTree = "<group>"; };
		5B70D3582CAAB32400012A25 /* 2805.swift */ = {isa = PBXFileReference; lastKnownFileType = sourcecode.swift; path = 2805.swift; sourceTree = "<group>"; };
		5B710CC42C8EE04A00236D32 /* 9020.swift */ = {isa = PBXFileReference; lastKnownFileType = sourcecode.swift; path = 9020.swift; sourceTree = "<group>"; };
		5B710CC62C8EE68D00236D32 /* 6588.swift */ = {isa = PBXFileReference; lastKnownFileType = sourcecode.swift; path = 6588.swift; sourceTree = "<group>"; };
		5B710CEC2C8FC68700236D32 /* 18111.swift */ = {isa = PBXFileReference; lastKnownFileType = sourcecode.swift; path = 18111.swift; sourceTree = "<group>"; };
		5B710CEE2C91184400236D32 /* 17413.swift */ = {isa = PBXFileReference; lastKnownFileType = sourcecode.swift; path = 17413.swift; sourceTree = "<group>"; };
		5B710CF02C917D7700236D32 /* 14502.swift */ = {isa = PBXFileReference; lastKnownFileType = sourcecode.swift; path = 14502.swift; sourceTree = "<group>"; };
		5B710CF22C9189B400236D32 /* 17144.swift */ = {isa = PBXFileReference; lastKnownFileType = sourcecode.swift; path = 17144.swift; sourceTree = "<group>"; };
		5B7A598E2D5BB6BA005FBB9D /* 12100.swift */ = {isa = PBXFileReference; lastKnownFileType = sourcecode.swift; path = 12100.swift; sourceTree = "<group>"; };
		5B803B882D25878800A2BC15 /* 2839.swift */ = {isa = PBXFileReference; lastKnownFileType = sourcecode.swift; path = 2839.swift; sourceTree = "<group>"; };
		5B878AD92CC5D93100955740 /* 3273.swift */ = {isa = PBXFileReference; lastKnownFileType = sourcecode.swift; path = 3273.swift; sourceTree = "<group>"; };
		5BAA25812D6225AE00DEEBEC /* 2493.swift */ = {isa = PBXFileReference; lastKnownFileType = sourcecode.swift; path = 2493.swift; sourceTree = "<group>"; };
		5BABA3FC2D6C6DB60002BB25 /* 1715.swift */ = {isa = PBXFileReference; lastKnownFileType = sourcecode.swift; path = 1715.swift; sourceTree = "<group>"; };
		5BAC27AC2CA1567B002686C3 /* 1916.swift */ = {isa = PBXFileReference; lastKnownFileType = sourcecode.swift; path = 1916.swift; sourceTree = "<group>"; };
		5BAD09042CAE17C00018E52C /* 2343.swift */ = {isa = PBXFileReference; lastKnownFileType = sourcecode.swift; path = 2343.swift; sourceTree = "<group>"; };
		5BB358032CD1B545005A01AB /* 2230.swift */ = {isa = PBXFileReference; lastKnownFileType = sourcecode.swift; path = 2230.swift; sourceTree = "<group>"; };
		5BC45F972C8E772C00995DE5 /* 2960.swift */ = {isa = PBXFileReference; lastKnownFileType = sourcecode.swift; path = 2960.swift; sourceTree = "<group>"; };
		5BC45F992C8E77C500995DE5 /* main.swift */ = {isa = PBXFileReference; lastKnownFileType = sourcecode.swift; path = main.swift; sourceTree = "<group>"; };
		5BC6D3E22D5F0263003F6990 /* 1011.swift */ = {isa = PBXFileReference; lastKnownFileType = sourcecode.swift; path = 1011.swift; sourceTree = "<group>"; };
		5BDE59342D5B537200F43750 /* 1753.swift */ = {isa = PBXFileReference; lastKnownFileType = sourcecode.swift; path = 1753.swift; sourceTree = "<group>"; };
		5BDF27AC2CD792A700598B0E /* 19951.swift */ = {isa = PBXFileReference; lastKnownFileType = sourcecode.swift; path = 19951.swift; sourceTree = "<group>"; };
		5BE05D132CD39F6F008C6725 /* 13900.swift */ = {isa = PBXFileReference; lastKnownFileType = sourcecode.swift; path = 13900.swift; sourceTree = "<group>"; };
		5BE184DF2CD8497100DB5A11 /* 5549.swift */ = {isa = PBXFileReference; lastKnownFileType = sourcecode.swift; path = 5549.swift; sourceTree = "<group>"; };
		5BE184E22CD84EC000DB5A11 /* 24499.swift */ = {isa = PBXFileReference; lastKnownFileType = sourcecode.swift; path = 24499.swift; sourceTree = "<group>"; };
		5BE3D2C42CAB76F000F89D4C /* 2110.swift */ = {isa = PBXFileReference; lastKnownFileType = sourcecode.swift; path = 2110.swift; sourceTree = "<group>"; };
		5BF535A82D28D9CF003D0E96 /* 2143.swift */ = {isa = PBXFileReference; lastKnownFileType = sourcecode.swift; path = 2143.swift; sourceTree = "<group>"; };
/* End PBXFileReference section */

/* Begin PBXFrameworksBuildPhase section */
		5B672DE52C65C57400DB330C /* Frameworks */ = {
			isa = PBXFrameworksBuildPhase;
			buildActionMask = 2147483647;
			files = (
			);
			runOnlyForDeploymentPostprocessing = 0;
		};
/* End PBXFrameworksBuildPhase section */

/* Begin PBXGroup section */
		5B02661E2C996F200094E205 /* 백트래킹 */ = {
			isa = PBXGroup;
			children = (
			);
			name = "백트래킹";
			path = "백트래킹";
			sourceTree = "<group>";
		};
		5B28618B2D55E1410002404A /* 최단경로 */ = {
			isa = PBXGroup;
			children = (
				5BDE59342D5B537200F43750 /* 1753.swift */,
				5B6681A62D59E5D300390CB0 /* 1389.swift */,
				5B28618C2D55E14D0002404A /* 11404.swift */,
			);
			name = "최단경로";
			path = "최단경로";
			sourceTree = "<group>";
		};
		5B29CF0C2CBDEB820055EC6D /* 소수판별 */ = {
			isa = PBXGroup;
			children = (
				5B29CF0D2CBDEBA40055EC6D /* 2023.swift */,
			);
			name = "소수판별";
			path = "소수판별";
			sourceTree = "<group>";
		};
		5B29CF0F2CBDEBF50055EC6D /* 누적합 */ = {
			isa = PBXGroup;
			children = (
				5BF535A82D28D9CF003D0E96 /* 2143.swift */,
				5B6E51862D23DF5700299771 /* 3020.swift */,
				5B29CF102CBDEC050055EC6D /* 16507.swift */,
				5BE05D132CD39F6F008C6725 /* 13900.swift */,
				5BDF27AC2CD792A700598B0E /* 19951.swift */,
				5BE184DF2CD8497100DB5A11 /* 5549.swift */,
			);
			name = "누적합";
			path = "누적합";
			sourceTree = "<group>";
		};
		5B5B6AC52D2BDC6900025CAD /* DP */ = {
			isa = PBXGroup;
			children = (
				5B15F1242D2FBDEA008273AC /* 10844.swift */,
				5B5B6AC62D2BDC7300025CAD /* 1010.swift */,
			);
			path = DP;
			sourceTree = "<group>";
		};
		5B672DDF2C65C57400DB330C = {
			isa = PBXGroup;
			children = (
				5BAA25802D6225A400DEEBEC /* 스택 */,
				5BC6D3E12D5F025E003F6990 /* 수학 */,
				5B28618B2D55E1410002404A /* 최단경로 */,
				5B5B6AC52D2BDC6900025CAD /* DP */,
				5B803B842D25864500A2BC15 /* 그리디 */,
				5BE184E12CD84EA200DB5A11 /* 슬라이딩 윈도우 */,
				5B878AD82CC5D92000955740 /* 투 포인터 */,
				5B29CF0F2CBDEBF50055EC6D /* 누적합 */,
				5B29CF0C2CBDEB820055EC6D /* 소수판별 */,
				5B70D3552CAAAF7700012A25 /* 이진탐색 */,
				5BC45F992C8E77C500995DE5 /* main.swift */,
				5BC45F962C8E771F00995DE5 /* 구현 */,
				5B02661E2C996F200094E205 /* 백트래킹 */,
				5B672DE92C65C57400DB330C /* Products */,
				5BFEE6D92CA0EB2200579E2A /* 그래프이론 */,
			);
			sourceTree = "<group>";
		};
		5B672DE92C65C57400DB330C /* Products */ = {
			isa = PBXGroup;
			children = (
				5B672DE82C65C57400DB330C /* test */,
			);
			name = Products;
			sourceTree = "<group>";
		};
		5B70D3552CAAAF7700012A25 /* 이진탐색 */ = {
			isa = PBXGroup;
			children = (
				5B70D3562CAAAF8C00012A25 /* 1920.swift */,
				5B70D3582CAAB32400012A25 /* 2805.swift */,
				5BE3D2C42CAB76F000F89D4C /* 2110.swift */,
				5BAD09042CAE17C00018E52C /* 2343.swift */,
			);
			name = "이진탐색";
			path = "이진탐색";
			sourceTree = "<group>";
		};
		5B803B842D25864500A2BC15 /* 그리디 */ = {
			isa = PBXGroup;
			children = (
				5BABA3FC2D6C6DB60002BB25 /* 1715.swift */,
				5B803B882D25878800A2BC15 /* 2839.swift */,
			);
			name = "그리디";
			path = "그리디";
			sourceTree = "<group>";
		};
		5B878AD82CC5D92000955740 /* 투 포인터 */ = {
			isa = PBXGroup;
			children = (
				5B878AD92CC5D93100955740 /* 3273.swift */,
				5BB358032CD1B545005A01AB /* 2230.swift */,
				5B37F0672CD2374A008EAEEE /* 21921.swift */,
			);
			name = "투 포인터";
			path = "투 포인터";
			sourceTree = "<group>";
		};
		5BAA25802D6225A400DEEBEC /* 스택 */ = {
			isa = PBXGroup;
			children = (
				5BAA25812D6225AE00DEEBEC /* 2493.swift */,
			);
			name = "스택";
			path = "스택";
			sourceTree = "<group>";
		};
		5BC45F962C8E771F00995DE5 /* 구현 */ = {
			isa = PBXGroup;
			children = (
				5B7A598E2D5BB6BA005FBB9D /* 12100.swift */,
				5B6414AC2D50C86600F6D18A /* 2504.swift */,
				5BC45F972C8E772C00995DE5 /* 2960.swift */,
				5B710CC42C8EE04A00236D32 /* 9020.swift */,
				5B710CC62C8EE68D00236D32 /* 6588.swift */,
				5B710CEC2C8FC68700236D32 /* 18111.swift */,
				5B710CEE2C91184400236D32 /* 17413.swift */,
				5B710CF02C917D7700236D32 /* 14502.swift */,
				5B710CF22C9189B400236D32 /* 17144.swift */,
				5B02661C2C99602D0094E205 /* 16234.swift */,
			);
			path = "구현";
			sourceTree = "<group>";
		};
		5BC6D3E12D5F025E003F6990 /* 수학 */ = {
			isa = PBXGroup;
			children = (
				5BC6D3E22D5F0263003F6990 /* 1011.swift */,
			);
			name = "수학";
			path = "수학";
			sourceTree = "<group>";
		};
		5BE184E12CD84EA200DB5A11 /* 슬라이딩 윈도우 */ = {
			isa = PBXGroup;
			children = (
				5BE184E22CD84EC000DB5A11 /* 24499.swift */,
			);
			name = "슬라이딩 윈도우";
			path = "슬라이딩 윈도우";
			sourceTree = "<group>";
		};
		5BFEE6D92CA0EB2200579E2A /* 그래프이론 */ = {
			isa = PBXGroup;
			children = (
				5B02661F2C996F390094E205 /* 13023.swift */,
				5BAC27AC2CA1567B002686C3 /* 1916.swift */,
			);
			name = "그래프이론";
			path = "그래프이론";
			sourceTree = "<group>";
		};
/* End PBXGroup section */

/* Begin PBXNativeTarget section */
		5B672DE72C65C57400DB330C /* test */ = {
			isa = PBXNativeTarget;
			buildConfigurationList = 5B672DEF2C65C57400DB330C /* Build configuration list for PBXNativeTarget "test" */;
			buildPhases = (
				5B672DE42C65C57400DB330C /* Sources */,
				5B672DE52C65C57400DB330C /* Frameworks */,
				5B672DE62C65C57400DB330C /* CopyFiles */,
			);
			buildRules = (
			);
			dependencies = (
			);
			name = test;
			productName = test;
			productReference = 5B672DE82C65C57400DB330C /* test */;
			productType = "com.apple.product-type.tool";
		};
/* End PBXNativeTarget section */

/* Begin PBXProject section */
		5B672DE02C65C57400DB330C /* Project object */ = {
			isa = PBXProject;
			attributes = {
				BuildIndependentTargetsInParallel = 1;
				LastSwiftUpdateCheck = 1540;
				LastUpgradeCheck = 1600;
				TargetAttributes = {
					5B672DE72C65C57400DB330C = {
						CreatedOnToolsVersion = 15.4;
					};
				};
			};
			buildConfigurationList = 5B672DE32C65C57400DB330C /* Build configuration list for PBXProject "test" */;
			compatibilityVersion = "Xcode 14.0";
			developmentRegion = en;
			hasScannedForEncodings = 0;
			knownRegions = (
				en,
				Base,
			);
			mainGroup = 5B672DDF2C65C57400DB330C;
			productRefGroup = 5B672DE92C65C57400DB330C /* Products */;
			projectDirPath = "";
			projectRoot = "";
			targets = (
				5B672DE72C65C57400DB330C /* test */,
			);
		};
/* End PBXProject section */

/* Begin PBXSourcesBuildPhase section */
		5B672DE42C65C57400DB330C /* Sources */ = {
			isa = PBXSourcesBuildPhase;
			buildActionMask = 2147483647;
			files = (
				5B710CC72C8EE68D00236D32 /* 6588.swift in Sources */,
				5B70D3572CAAAF8C00012A25 /* 1920.swift in Sources */,
				5BAC27AD2CA1567B002686C3 /* 1916.swift in Sources */,
				5BC45F9A2C8E77C500995DE5 /* main.swift in Sources */,
				5B02661D2C99602D0094E205 /* 16234.swift in Sources */,
				5B29CF112CBDEC050055EC6D /* 16507.swift in Sources */,
				5B710CF12C917D7700236D32 /* 14502.swift in Sources */,
				5B6414AD2D50C86800F6D18A /* 2504.swift in Sources */,
				5BF535A92D28D9DE003D0E96 /* 2143.swift in Sources */,
				5B710CEF2C91184400236D32 /* 17413.swift in Sources */,
				5BE3D2C52CAB76F000F89D4C /* 2110.swift in Sources */,
				5BE05D142CD39F6F008C6725 /* 13900.swift in Sources */,
				5B710CED2C8FC68700236D32 /* 18111.swift in Sources */,
				5BDF27AD2CD792A700598B0E /* 19951.swift in Sources */,
				5B7A598F2D5BB6E4005FBB9D /* 12100.swift in Sources */,
				5B710CC52C8EE04B00236D32 /* 9020.swift in Sources */,
				5BB358042CD1B545005A01AB /* 2230.swift in Sources */,
				5B29CF0E2CBDEBA40055EC6D /* 2023.swift in Sources */,
				5B37F0682CD2374A008EAEEE /* 21921.swift in Sources */,
				5B878ADA2CC5D93100955740 /* 3273.swift in Sources */,
				5B6E51872D23DF5A00299771 /* 3020.swift in Sources */,
				5B70D3592CAAB32400012A25 /* 2805.swift in Sources */,
				5BE184E32CD84EC000DB5A11 /* 24499.swift in Sources */,
				5BE184E02CD8497100DB5A11 /* 5549.swift in Sources */,
				5BC45F982C8E772C00995DE5 /* 2960.swift in Sources */,
				5B710CF32C9189B400236D32 /* 17144.swift in Sources */,
				5BAD09052CAE17C00018E52C /* 2343.swift in Sources */,
				5B0266202C996F390094E205 /* 13023.swift in Sources */,
			);
			runOnlyForDeploymentPostprocessing = 0;
		};
/* End PBXSourcesBuildPhase section */

/* Begin XCBuildConfiguration section */
		5B672DED2C65C57400DB330C /* Debug */ = {
			isa = XCBuildConfiguration;
			buildSettings = {
				ALWAYS_SEARCH_USER_PATHS = NO;
				ASSETCATALOG_COMPILER_GENERATE_SWIFT_ASSET_SYMBOL_EXTENSIONS = YES;
				CLANG_ANALYZER_NONNULL = YES;
				CLANG_ANALYZER_NUMBER_OBJECT_CONVERSION = YES_AGGRESSIVE;
				CLANG_CXX_LANGUAGE_STANDARD = "gnu++20";
				CLANG_ENABLE_MODULES = YES;
				CLANG_ENABLE_OBJC_ARC = YES;
				CLANG_ENABLE_OBJC_WEAK = YES;
				CLANG_WARN_BLOCK_CAPTURE_AUTORELEASING = YES;
				CLANG_WARN_BOOL_CONVERSION = YES;
				CLANG_WARN_COMMA = YES;
				CLANG_WARN_CONSTANT_CONVERSION = YES;
				CLANG_WARN_DEPRECATED_OBJC_IMPLEMENTATIONS = YES;
				CLANG_WARN_DIRECT_OBJC_ISA_USAGE = YES_ERROR;
				CLANG_WARN_DOCUMENTATION_COMMENTS = YES;
				CLANG_WARN_EMPTY_BODY = YES;
				CLANG_WARN_ENUM_CONVERSION = YES;
				CLANG_WARN_INFINITE_RECURSION = YES;
				CLANG_WARN_INT_CONVERSION = YES;
				CLANG_WARN_NON_LITERAL_NULL_CONVERSION = YES;
				CLANG_WARN_OBJC_IMPLICIT_RETAIN_SELF = YES;
				CLANG_WARN_OBJC_LITERAL_CONVERSION = YES;
				CLANG_WARN_OBJC_ROOT_CLASS = YES_ERROR;
				CLANG_WARN_QUOTED_INCLUDE_IN_FRAMEWORK_HEADER = YES;
				CLANG_WARN_RANGE_LOOP_ANALYSIS = YES;
				CLANG_WARN_STRICT_PROTOTYPES = YES;
				CLANG_WARN_SUSPICIOUS_MOVE = YES;
				CLANG_WARN_UNGUARDED_AVAILABILITY = YES_AGGRESSIVE;
				CLANG_WARN_UNREACHABLE_CODE = YES;
				CLANG_WARN__DUPLICATE_METHOD_MATCH = YES;
				COPY_PHASE_STRIP = NO;
				DEAD_CODE_STRIPPING = YES;
				DEBUG_INFORMATION_FORMAT = dwarf;
				ENABLE_STRICT_OBJC_MSGSEND = YES;
				ENABLE_TESTABILITY = YES;
				ENABLE_USER_SCRIPT_SANDBOXING = YES;
				GCC_C_LANGUAGE_STANDARD = gnu17;
				GCC_DYNAMIC_NO_PIC = NO;
				GCC_NO_COMMON_BLOCKS = YES;
				GCC_OPTIMIZATION_LEVEL = 0;
				GCC_PREPROCESSOR_DEFINITIONS = (
					"DEBUG=1",
					"$(inherited)",
				);
				GCC_WARN_64_TO_32_BIT_CONVERSION = YES;
				GCC_WARN_ABOUT_RETURN_TYPE = YES_ERROR;
				GCC_WARN_UNDECLARED_SELECTOR = YES;
				GCC_WARN_UNINITIALIZED_AUTOS = YES_AGGRESSIVE;
				GCC_WARN_UNUSED_FUNCTION = YES;
				GCC_WARN_UNUSED_VARIABLE = YES;
				LOCALIZATION_PREFERS_STRING_CATALOGS = YES;
				MACOSX_DEPLOYMENT_TARGET = 14.1;
				MTL_ENABLE_DEBUG_INFO = INCLUDE_SOURCE;
				MTL_FAST_MATH = YES;
				ONLY_ACTIVE_ARCH = YES;
				SDKROOT = macosx;
				SWIFT_ACTIVE_COMPILATION_CONDITIONS = "DEBUG $(inherited)";
				SWIFT_OPTIMIZATION_LEVEL = "-Onone";
			};
			name = Debug;
		};
		5B672DEE2C65C57400DB330C /* Release */ = {
			isa = XCBuildConfiguration;
			buildSettings = {
				ALWAYS_SEARCH_USER_PATHS = NO;
				ASSETCATALOG_COMPILER_GENERATE_SWIFT_ASSET_SYMBOL_EXTENSIONS = YES;
				CLANG_ANALYZER_NONNULL = YES;
				CLANG_ANALYZER_NUMBER_OBJECT_CONVERSION = YES_AGGRESSIVE;
				CLANG_CXX_LANGUAGE_STANDARD = "gnu++20";
				CLANG_ENABLE_MODULES = YES;
				CLANG_ENABLE_OBJC_ARC = YES;
				CLANG_ENABLE_OBJC_WEAK = YES;
				CLANG_WARN_BLOCK_CAPTURE_AUTORELEASING = YES;
				CLANG_WARN_BOOL_CONVERSION = YES;
				CLANG_WARN_COMMA = YES;
				CLANG_WARN_CONSTANT_CONVERSION = YES;
				CLANG_WARN_DEPRECATED_OBJC_IMPLEMENTATIONS = YES;
				CLANG_WARN_DIRECT_OBJC_ISA_USAGE = YES_ERROR;
				CLANG_WARN_DOCUMENTATION_COMMENTS = YES;
				CLANG_WARN_EMPTY_BODY = YES;
				CLANG_WARN_ENUM_CONVERSION = YES;
				CLANG_WARN_INFINITE_RECURSION = YES;
				CLANG_WARN_INT_CONVERSION = YES;
				CLANG_WARN_NON_LITERAL_NULL_CONVERSION = YES;
				CLANG_WARN_OBJC_IMPLICIT_RETAIN_SELF = YES;
				CLANG_WARN_OBJC_LITERAL_CONVERSION = YES;
				CLANG_WARN_OBJC_ROOT_CLASS = YES_ERROR;
				CLANG_WARN_QUOTED_INCLUDE_IN_FRAMEWORK_HEADER = YES;
				CLANG_WARN_RANGE_LOOP_ANALYSIS = YES;
				CLANG_WARN_STRICT_PROTOTYPES = YES;
				CLANG_WARN_SUSPICIOUS_MOVE = YES;
				CLANG_WARN_UNGUARDED_AVAILABILITY = YES_AGGRESSIVE;
				CLANG_WARN_UNREACHABLE_CODE = YES;
				CLANG_WARN__DUPLICATE_METHOD_MATCH = YES;
				COPY_PHASE_STRIP = NO;
				DEAD_CODE_STRIPPING = YES;
				DEBUG_INFORMATION_FORMAT = "dwarf-with-dsym";
				ENABLE_NS_ASSERTIONS = NO;
				ENABLE_STRICT_OBJC_MSGSEND = YES;
				ENABLE_USER_SCRIPT_SANDBOXING = YES;
				GCC_C_LANGUAGE_STANDARD = gnu17;
				GCC_NO_COMMON_BLOCKS = YES;
				GCC_WARN_64_TO_32_BIT_CONVERSION = YES;
				GCC_WARN_ABOUT_RETURN_TYPE = YES_ERROR;
				GCC_WARN_UNDECLARED_SELECTOR = YES;
				GCC_WARN_UNINITIALIZED_AUTOS = YES_AGGRESSIVE;
				GCC_WARN_UNUSED_FUNCTION = YES;
				GCC_WARN_UNUSED_VARIABLE = YES;
				LOCALIZATION_PREFERS_STRING_CATALOGS = YES;
				MACOSX_DEPLOYMENT_TARGET = 14.1;
				MTL_ENABLE_DEBUG_INFO = NO;
				MTL_FAST_MATH = YES;
				SDKROOT = macosx;
				SWIFT_COMPILATION_MODE = wholemodule;
			};
			name = Release;
		};
		5B672DF02C65C57400DB330C /* Debug */ = {
			isa = XCBuildConfiguration;
			buildSettings = {
				CODE_SIGN_STYLE = Automatic;
				DEAD_CODE_STRIPPING = YES;
				DEVELOPMENT_TEAM = ZSF98GN32F;
				ENABLE_HARDENED_RUNTIME = YES;
				PRODUCT_NAME = "$(TARGET_NAME)";
				SWIFT_VERSION = 5.0;
			};
			name = Debug;
		};
		5B672DF12C65C57400DB330C /* Release */ = {
			isa = XCBuildConfiguration;
			buildSettings = {
				CODE_SIGN_STYLE = Automatic;
				DEAD_CODE_STRIPPING = YES;
				DEVELOPMENT_TEAM = ZSF98GN32F;
				ENABLE_HARDENED_RUNTIME = YES;
				PRODUCT_NAME = "$(TARGET_NAME)";
				SWIFT_VERSION = 5.0;
			};
			name = Release;
		};
/* End XCBuildConfiguration section */

/* Begin XCConfigurationList section */
		5B672DE32C65C57400DB330C /* Build configuration list for PBXProject "test" */ = {
			isa = XCConfigurationList;
			buildConfigurations = (
				5B672DED2C65C57400DB330C /* Debug */,
				5B672DEE2C65C57400DB330C /* Release */,
			);
			defaultConfigurationIsVisible = 0;
			defaultConfigurationName = Release;
		};
		5B672DEF2C65C57400DB330C /* Build configuration list for PBXNativeTarget "test" */ = {
			isa = XCConfigurationList;
			buildConfigurations = (
				5B672DF02C65C57400DB330C /* Debug */,
				5B672DF12C65C57400DB330C /* Release */,
			);
			defaultConfigurationIsVisible = 0;
			defaultConfigurationName = Release;
		};
/* End XCConfigurationList section */
	};
	rootObject = 5B672DE02C65C57400DB330C /* Project object */;
}
